
Microsoft Visual Studio Solution File, Format Version 12.00
# Visual Studio Version 16
VisualStudioVersion = 16.0.29806.167
MinimumVisualStudioVersion = 10.0.40219.1
Project("{FAE04EC0-301F-11D3-BF4B-00C04F79EFBC}") = "SqlLibrary", "SqlLibrary\SqlLibrary.csproj", "{890F5A35-E896-43E9-8157-2BDDB2899505}"
EndProject
Project("{FAE04EC0-301F-11D3-BF4B-00C04F79EFBC}") = "TestConsoleApp", "TestConsoleApp\TestConsoleApp.csproj", "{197946A2-CA72-4F81-9DD4-C6F1EA32A3BB}"
EndProject
Global
	GlobalSection(SolutionConfigurationPlatforms) = preSolution
		Debug|Any CPU = Debug|Any CPU
		Release|Any CPU = Release|Any CPU
	EndGlobalSection
	GlobalSection(ProjectConfigurationPlatforms) = postSolution
		{890F5A35-E896-43E9-8157-2BDDB2899505}.Debug|Any CPU.ActiveCfg = Debug|Any CPU
		{890F5A35-E896-43E9-8157-2BDDB2899505}.Debug|Any CPU.Build.0 = Debug|Any CPU
		{890F5A35-E896-43E9-8157-2BDDB2899505}.Release|Any CPU.ActiveCfg = Release|Any CPU
		{890F5A35-E896-43E9-8157-2BDDB2899505}.Release|Any CPU.Build.0 = Release|Any CPU
		{197946A2-CA72-4F81-9DD4-C6F1EA32A3BB}.Debug|Any CPU.ActiveCfg = Debug|Any CPU
		{197946A2-CA72-4F81-9DD4-C6F1EA32A3BB}.Debug|Any CPU.Build.0 = Debug|Any CPU
		{197946A2-CA72-4F81-9DD4-C6F1EA32A3BB}.Release|Any CPU.ActiveCfg = Release|Any CPU
		{197946A2-CA72-4F81-9DD4-C6F1EA32A3BB}.Release|Any CPU.Build.0 = Release|Any CPU
	EndGlobalSection
	GlobalSection(SolutionProperties) = preSolution
		HideSolutionNode = FALSE
	EndGlobalSection
	GlobalSection(ExtensibilityGlobals) = postSolution
		SolutionGuid = {7A5F10EE-EBE4-4C54-83DA-ABF8A09F891C}
	EndGlobalSection
EndGlobal
